
Microsoft Visual Studio Solution File, Format Version 12.00
# Visual Studio Version 16
VisualStudioVersion = 16.0.31019.35
MinimumVisualStudioVersion = 10.0.40219.1
Project("{FAE04EC0-301F-11D3-BF4B-00C04F79EFBC}") = "JpSOTMUtilities", "JpSOTMUtilities.csproj", "{6745D201-0246-484B-A7C3-A0D2D8821A21}"
EndProject
Global
	GlobalSection(SolutionConfigurationPlatforms) = preSolution
		Debug|Any CPU = Debug|Any CPU
		Release|Any CPU = Release|Any CPU
	EndGlobalSection
	GlobalSection(ProjectConfigurationPlatforms) = postSolution
		{6745D201-0246-484B-A7C3-A0D2D8821A21}.Debug|Any CPU.ActiveCfg = Debug|Any CPU
		{6745D201-0246-484B-A7C3-A0D2D8821A21}.Debug|Any CPU.Build.0 = Debug|Any CPU
		{6745D201-0246-484B-A7C3-A0D2D8821A21}.Release|Any CPU.ActiveCfg = Release|Any CPU
		{6745D201-0246-484B-A7C3-A0D2D8821A21}.Release|Any CPU.Build.0 = Release|Any CPU
	EndGlobalSection
	GlobalSection(SolutionProperties) = preSolution
		HideSolutionNode = FALSE
	EndGlobalSection
	GlobalSection(ExtensibilityGlobals) = postSolution
		SolutionGuid = {2374373F-4946-4211-A064-EDE3B89A1E83}
	EndGlobalSection
EndGlobal
